// !$*UTF8*$!
{
	archiveVersion = 1;
	classes = {
	};
	objectVersion = 56;
	objects = {

/* Begin PBXBuildFile section */
		F614E33B2971F4D600FB5DEB /* AppDelegate.swift in Sources */ = {isa = PBXBuildFile; fileRef = F614E33A2971F4D600FB5DEB /* AppDelegate.swift */; };
		F614E33D2971F4D600FB5DEB /* SceneDelegate.swift in Sources */ = {isa = PBXBuildFile; fileRef = F614E33C2971F4D600FB5DEB /* SceneDelegate.swift */; };
		F614E33F2971F4D600FB5DEB /* ViewController.swift in Sources */ = {isa = PBXBuildFile; fileRef = F614E33E2971F4D600FB5DEB /* ViewController.swift */; };
		F614E3422971F4D600FB5DEB /* Main.storyboard in Resources */ = {isa = PBXBuildFile; fileRef = F614E3402971F4D600FB5DEB /* Main.storyboard */; };
		F614E3442971F4D700FB5DEB /* Assets.xcassets in Resources */ = {isa = PBXBuildFile; fileRef = F614E3432971F4D700FB5DEB /* Assets.xcassets */; };
		F614E3472971F4D700FB5DEB /* LaunchScreen.storyboard in Resources */ = {isa = PBXBuildFile; fileRef = F614E3452971F4D700FB5DEB /* LaunchScreen.storyboard */; };
		F614E34F2971F4FF00FB5DEB /* footballTeam.swift in Sources */ = {isa = PBXBuildFile; fileRef = F614E34E2971F4FF00FB5DEB /* footballTeam.swift */; };
/* End PBXBuildFile section */

/* Begin PBXFileReference section */
		F614E3372971F4D600FB5DEB /* FootAsl Alternative.app */ = {isa = PBXFileReference; explicitFileType = wrapper.application; includeInIndex = 0; path = "FootAsl Alternative.app"; sourceTree = BUILT_PRODUCTS_DIR; };
		F614E33A2971F4D600FB5DEB /* AppDelegate.swift */ = {isa = PBXFileReference; lastKnownFileType = sourcecode.swift; path = AppDelegate.swift; sourceTree = "<group>"; };
		F614E33C2971F4D600FB5DEB /* SceneDelegate.swift */ = {isa = PBXFileReference; lastKnownFileType = sourcecode.swift; path = SceneDelegate.swift; sourceTree = "<group>"; };
		F614E33E2971F4D600FB5DEB /* ViewController.swift */ = {isa = PBXFileReference; lastKnownFileType = sourcecode.swift; path = ViewController.swift; sourceTree = "<group>"; };
		F614E3412971F4D600FB5DEB /* Base */ = {isa = PBXFileReference; lastKnownFileType = file.storyboard; name = Base; path = Base.lproj/Main.storyboard; sourceTree = "<group>"; };
		F614E3432971F4D700FB5DEB /* Assets.xcassets */ = {isa = PBXFileReference; lastKnownFileType = folder.assetcatalog; path = Assets.xcassets; sourceTree = "<group>"; };
		F614E3462971F4D700FB5DEB /* Base */ = {isa = PBXFileReference; lastKnownFileType = file.storyboard; name = Base; path = Base.lproj/LaunchScreen.storyboard; sourceTree = "<group>"; };
		F614E3482971F4D700FB5DEB /* Info.plist */ = {isa = PBXFileReference; lastKnownFileType = text.plist.xml; path = Info.plist; sourceTree = "<group>"; };
		F614E34E2971F4FF00FB5DEB /* footballTeam.swift */ = {isa = PBXFileReference; lastKnownFileType = sourcecode.swift; path = footballTeam.swift; sourceTree = "<group>"; };
/* End PBXFileReference section */

/* Begin PBXFrameworksBuildPhase section */
		F614E3342971F4D600FB5DEB /* Frameworks */ = {
			isa = PBXFrameworksBuildPhase;
			buildActionMask = 2147483647;
			files = (
			);
			runOnlyForDeploymentPostprocessing = 0;
		};
/* End PBXFrameworksBuildPhase section */

/* Begin PBXGroup section */
		F614E32E2971F4D600FB5DEB = {
			isa = PBXGroup;
			children = (
				F614E3392971F4D600FB5DEB /* FootAsl Alternative */,
				F614E3382971F4D600FB5DEB /* Products */,
			);
			sourceTree = "<group>";
		};
		F614E3382971F4D600FB5DEB /* Products */ = {
			isa = PBXGroup;
			children = (
				F614E3372971F4D600FB5DEB /* FootAsl Alternative.app */,
			);
			name = Products;
			sourceTree = "<group>";
		};
		F614E3392971F4D600FB5DEB /* FootAsl Alternative */ = {
			isa = PBXGroup;
			children = (
				F614E33A2971F4D600FB5DEB /* AppDelegate.swift */,
				F614E33C2971F4D600FB5DEB /* SceneDelegate.swift */,
				F614E33E2971F4D600FB5DEB /* ViewController.swift */,
				F614E3402971F4D600FB5DEB /* Main.storyboard */,
				F614E3432971F4D700FB5DEB /* Assets.xcassets */,
				F614E3452971F4D700FB5DEB /* LaunchScreen.storyboard */,
				F614E3482971F4D700FB5DEB /* Info.plist */,
				F614E34E2971F4FF00FB5DEB /* footballTeam.swift */,
			);
			path = "FootAsl Alternative";
			sourceTree = "<group>";
		};
/* End PBXGroup section */

/* Begin PBXNativeTarget section */
		F614E3362971F4D600FB5DEB /* FootAsl Alternative */ = {
			isa = PBXNativeTarget;
			buildConfigurationList = F614E34B2971F4D700FB5DEB /* Build configuration list for PBXNativeTarget "FootAsl Alternative" */;
			buildPhases = (
				F614E3332971F4D600FB5DEB /* Sources */,
				F614E3342971F4D600FB5DEB /* Frameworks */,
				F614E3352971F4D600FB5DEB /* Resources */,
			);
			buildRules = (
			);
			dependencies = (
			);
			name = "FootAsl Alternative";
			productName = "FootAsl Alternative";
			productReference = F614E3372971F4D600FB5DEB /* FootAsl Alternative.app */;
			productType = "com.apple.product-type.application";
		};
/* End PBXNativeTarget section */

/* Begin PBXProject section */
		F614E32F2971F4D600FB5DEB /* Project object */ = {
			isa = PBXProject;
			attributes = {
				BuildIndependentTargetsInParallel = 1;
				LastSwiftUpdateCheck = 1420;
				LastUpgradeCheck = 1420;
				TargetAttributes = {
					F614E3362971F4D600FB5DEB = {
						CreatedOnToolsVersion = 14.2;
					};
				};
			};
			buildConfigurationList = F614E3322971F4D600FB5DEB /* Build configuration list for PBXProject "FootAsl Alternative" */;
			compatibilityVersion = "Xcode 14.0";
			developmentRegion = en;
			hasScannedForEncodings = 0;
			knownRegions = (
				en,
				Base,
			);
			mainGroup = F614E32E2971F4D600FB5DEB;
			productRefGroup = F614E3382971F4D600FB5DEB /* Products */;
			projectDirPath = "";
			projectRoot = "";
			targets = (
				F614E3362971F4D600FB5DEB /* FootAsl Alternative */,
			);
		};
/* End PBXProject section */

/* Begin PBXResourcesBuildPhase section */
		F614E3352971F4D600FB5DEB /* Resources */ = {
			isa = PBXResourcesBuildPhase;
			buildActionMask = 2147483647;
			files = (
				F614E3472971F4D700FB5DEB /* LaunchScreen.storyboard in Resources */,
				F614E3442971F4D700FB5DEB /* Assets.xcassets in Resources */,
				F614E3422971F4D600FB5DEB /* Main.storyboard in Resources */,
			);
			runOnlyForDeploymentPostprocessing = 0;
		};
/* End PBXResourcesBuildPhase section */

/* Begin PBXSourcesBuildPhase section */
		F614E3332971F4D600FB5DEB /* Sources */ = {
			isa = PBXSourcesBuildPhase;
			buildActionMask = 2147483647;
			files = (
				F614E33F2971F4D600FB5DEB /* ViewController.swift in Sources */,
				F614E33B2971F4D600FB5DEB /* AppDelegate.swift in Sources */,
				F614E33D2971F4D600FB5DEB /* SceneDelegate.swift in Sources */,
				F614E34F2971F4FF00FB5DEB /* footballTeam.swift in Sources */,
			);
			runOnlyForDeploymentPostprocessing = 0;
		};
/* End PBXSourcesBuildPhase section */

/* Begin PBXVariantGroup section */
		F614E3402971F4D600FB5DEB /* Main.storyboard */ = {
			isa = PBXVariantGroup;
			children = (
				F614E3412971F4D600FB5DEB /* Base */,
			);
			name = Main.storyboard;
			sourceTree = "<group>";
		};
		F614E3452971F4D700FB5DEB /* LaunchScreen.storyboard */ = {
			isa = PBXVariantGroup;
			children = (
				F614E3462971F4D700FB5DEB /* Base */,
			);
			name = LaunchScreen.storyboard;
			sourceTree = "<group>";
		};
/* End PBXVariantGroup section */

/* Begin XCBuildConfiguration section */
		F614E3492971F4D700FB5DEB /* Debug */ = {
			isa = XCBuildConfiguration;
			buildSettings = {
				ALWAYS_SEARCH_USER_PATHS = NO;
				CLANG_ANALYZER_NONNULL = YES;
				CLANG_ANALYZER_NUMBER_OBJECT_CONVERSION = YES_AGGRESSIVE;
				CLANG_CXX_LANGUAGE_STANDARD = "gnu++20";
				CLANG_ENABLE_MODULES = YES;
				CLANG_ENABLE_OBJC_ARC = YES;
				CLANG_ENABLE_OBJC_WEAK = YES;
				CLANG_WARN_BLOCK_CAPTURE_AUTORELEASING = YES;
				CLANG_WARN_BOOL_CONVERSION = YES;
				CLANG_WARN_COMMA = YES;
				CLANG_WARN_CONSTANT_CONVERSION = YES;
				CLANG_WARN_DEPRECATED_OBJC_IMPLEMENTATIONS = YES;
				CLANG_WARN_DIRECT_OBJC_ISA_USAGE = YES_ERROR;
				CLANG_WARN_DOCUMENTATION_COMMENTS = YES;
				CLANG_WARN_EMPTY_BODY = YES;
				CLANG_WARN_ENUM_CONVERSION = YES;
				CLANG_WARN_INFINITE_RECURSION = YES;
				CLANG_WARN_INT_CONVERSION = YES;
				CLANG_WARN_NON_LITERAL_NULL_CONVERSION = YES;
				CLANG_WARN_OBJC_IMPLICIT_RETAIN_SELF = YES;
				CLANG_WARN_OBJC_LITERAL_CONVERSION = YES;
				CLANG_WARN_OBJC_ROOT_CLASS = YES_ERROR;
				CLANG_WARN_QUOTED_INCLUDE_IN_FRAMEWORK_HEADER = YES;
				CLANG_WARN_RANGE_LOOP_ANALYSIS = YES;
				CLANG_WARN_STRICT_PROTOTYPES = YES;
				CLANG_WARN_SUSPICIOUS_MOVE = YES;
				CLANG_WARN_UNGUARDED_AVAILABILITY = YES_AGGRESSIVE;
				CLANG_WARN_UNREACHABLE_CODE = YES;
				CLANG_WARN__DUPLICATE_METHOD_MATCH = YES;
				COPY_PHASE_STRIP = NO;
				DEBUG_INFORMATION_FORMAT = dwarf;
				ENABLE_STRICT_OBJC_MSGSEND = YES;
				ENABLE_TESTABILITY = YES;
				GCC_C_LANGUAGE_STANDARD = gnu11;
				GCC_DYNAMIC_NO_PIC = NO;
				GCC_NO_COMMON_BLOCKS = YES;
				GCC_OPTIMIZATION_LEVEL = 0;
				GCC_PREPROCESSOR_DEFINITIONS = (
					"DEBUG=1",
					"$(inherited)",
				);
				GCC_WARN_64_TO_32_BIT_CONVERSION = YES;
				GCC_WARN_ABOUT_RETURN_TYPE = YES_ERROR;
				GCC_WARN_UNDECLARED_SELECTOR = YES;
				GCC_WARN_UNINITIALIZED_AUTOS = YES_AGGRESSIVE;
				GCC_WARN_UNUSED_FUNCTION = YES;
				GCC_WARN_UNUSED_VARIABLE = YES;
				IPHONEOS_DEPLOYMENT_TARGET = 16.2;
				MTL_ENABLE_DEBUG_INFO = INCLUDE_SOURCE;
				MTL_FAST_MATH = YES;
				ONLY_ACTIVE_ARCH = YES;
				SDKROOT = iphoneos;
				SWIFT_ACTIVE_COMPILATION_CONDITIONS = DEBUG;
				SWIFT_OPTIMIZATION_LEVEL = "-Onone";
			};
			name = Debug;
		};
		F614E34A2971F4D700FB5DEB /* Release */ = {
			isa = XCBuildConfiguration;
			buildSettings = {
				ALWAYS_SEARCH_USER_PATHS = NO;
				CLANG_ANALYZER_NONNULL = YES;
				CLANG_ANALYZER_NUMBER_OBJECT_CONVERSION = YES_AGGRESSIVE;
				CLANG_CXX_LANGUAGE_STANDARD = "gnu++20";
				CLANG_ENABLE_MODULES = YES;
				CLANG_ENABLE_OBJC_ARC = YES;
				CLANG_ENABLE_OBJC_WEAK = YES;
				CLANG_WARN_BLOCK_CAPTURE_AUTORELEASING = YES;
				CLANG_WARN_BOOL_CONVERSION = YES;
				CLANG_WARN_COMMA = YES;
				CLANG_WARN_CONSTANT_CONVERSION = YES;
				CLANG_WARN_DEPRECATED_OBJC_IMPLEMENTATIONS = YES;
				CLANG_WARN_DIRECT_OBJC_ISA_USAGE = YES_ERROR;
				CLANG_WARN_DOCUMENTATION_COMMENTS = YES;
				CLANG_WARN_EMPTY_BODY = YES;
				CLANG_WARN_ENUM_CONVERSION = YES;
				CLANG_WARN_INFINITE_RECURSION = YES;
				CLANG_WARN_INT_CONVERSION = YES;
				CLANG_WARN_NON_LITERAL_NULL_CONVERSION = YES;
				CLANG_WARN_OBJC_IMPLICIT_RETAIN_SELF = YES;
				CLANG_WARN_OBJC_LITERAL_CONVERSION = YES;
				CLANG_WARN_OBJC_ROOT_CLASS = YES_ERROR;
				CLANG_WARN_QUOTED_INCLUDE_IN_FRAMEWORK_HEADER = YES;
				CLANG_WARN_RANGE_LOOP_ANALYSIS = YES;
				CLANG_WARN_STRICT_PROTOTYPES = YES;
				CLANG_WARN_SUSPICIOUS_MOVE = YES;
				CLANG_WARN_UNGUARDED_AVAILABILITY = YES_AGGRESSIVE;
				CLANG_WARN_UNREACHABLE_CODE = YES;
				CLANG_WARN__DUPLICATE_METHOD_MATCH = YES;
				COPY_PHASE_STRIP = NO;
				DEBUG_INFORMATION_FORMAT = "dwarf-with-dsym";
				ENABLE_NS_ASSERTIONS = NO;
				ENABLE_STRICT_OBJC_MSGSEND = YES;
				GCC_C_LANGUAGE_STANDARD = gnu11;
				GCC_NO_COMMON_BLOCKS = YES;
				GCC_WARN_64_TO_32_BIT_CONVERSION = YES;
				GCC_WARN_ABOUT_RETURN_TYPE = YES_ERROR;
				GCC_WARN_UNDECLARED_SELECTOR = YES;
				GCC_WARN_UNINITIALIZED_AUTOS = YES_AGGRESSIVE;
				GCC_WARN_UNUSED_FUNCTION = YES;
				GCC_WARN_UNUSED_VARIABLE = YES;
				IPHONEOS_DEPLOYMENT_TARGET = 16.2;
				MTL_ENABLE_DEBUG_INFO = NO;
				MTL_FAST_MATH = YES;
				SDKROOT = iphoneos;
				SWIFT_COMPILATION_MODE = wholemodule;
				SWIFT_OPTIMIZATION_LEVEL = "-O";
				VALIDATE_PRODUCT = YES;
			};
			name = Release;
		};
		F614E34C2971F4D700FB5DEB /* Debug */ = {
			isa = XCBuildConfiguration;
			buildSettings = {
				ASSETCATALOG_COMPILER_APPICON_NAME = AppIcon;
				ASSETCATALOG_COMPILER_GLOBAL_ACCENT_COLOR_NAME = AccentColor;
				CODE_SIGN_STYLE = Automatic;
				CURRENT_PROJECT_VERSION = 1;
				GENERATE_INFOPLIST_FILE = YES;
				INFOPLIST_FILE = "FootAsl Alternative/Info.plist";
				INFOPLIST_KEY_UIApplicationSupportsIndirectInputEvents = YES;
				INFOPLIST_KEY_UILaunchStoryboardName = LaunchScreen;
				INFOPLIST_KEY_UIMainStoryboardFile = Main;
				INFOPLIST_KEY_UISupportedInterfaceOrientations_iPad = "UIInterfaceOrientationPortrait UIInterfaceOrientationPortraitUpsideDown UIInterfaceOrientationLandscapeLeft UIInterfaceOrientationLandscapeRight";
				INFOPLIST_KEY_UISupportedInterfaceOrientations_iPhone = "UIInterfaceOrientationPortrait UIInterfaceOrientationLandscapeLeft UIInterfaceOrientationLandscapeRight";
				LD_RUNPATH_SEARCH_PATHS = (
					"$(inherited)",
					"@executable_path/Frameworks",
				);
				MARKETING_VERSION = 1.0;
				PRODUCT_BUNDLE_IDENTIFIER = "co.droelth.FootAsl-Alternative";
				PRODUCT_NAME = "$(TARGET_NAME)";
				SWIFT_EMIT_LOC_STRINGS = YES;
				SWIFT_VERSION = 5.0;
				TARGETED_DEVICE_FAMILY = "1,2";
			};
			name = Debug;
		};
		F614E34D2971F4D700FB5DEB /* Release */ = {
			isa = XCBuildConfiguration;
			buildSettings = {
				ASSETCATALOG_COMPILER_APPICON_NAME = AppIcon;
				ASSETCATALOG_COMPILER_GLOBAL_ACCENT_COLOR_NAME = AccentColor;
				CODE_SIGN_STYLE = Automatic;
				CURRENT_PROJECT_VERSION = 1;
				GENERATE_INFOPLIST_FILE = YES;
				INFOPLIST_FILE = "FootAsl Alternative/Info.plist";
				INFOPLIST_KEY_UIApplicationSupportsIndirectInputEvents = YES;
				INFOPLIST_KEY_UILaunchStoryboardName = LaunchScreen;
				INFOPLIST_KEY_UIMainStoryboardFile = Main;
				INFOPLIST_KEY_UISupportedInterfaceOrientations_iPad = "UIInterfaceOrientationPortrait UIInterfaceOrientationPortraitUpsideDown UIInterfaceOrientationLandscapeLeft UIInterfaceOrientationLandscapeRight";
				INFOPLIST_KEY_UISupportedInterfaceOrientations_iPhone = "UIInterfaceOrientationPortrait UIInterfaceOrientationLandscapeLeft UIInterfaceOrientationLandscapeRight";
				LD_RUNPATH_SEARCH_PATHS = (
					"$(inherited)",
					"@executable_path/Frameworks",
				);
				MARKETING_VERSION = 1.0;
				PRODUCT_BUNDLE_IDENTIFIER = "co.droelth.FootAsl-Alternative";
				PRODUCT_NAME = "$(TARGET_NAME)";
				SWIFT_EMIT_LOC_STRINGS = YES;
				SWIFT_VERSION = 5.0;
				TARGETED_DEVICE_FAMILY = "1,2";
			};
			name = Release;
		};
/* End XCBuildConfiguration section */

/* Begin XCConfigurationList section */
		F614E3322971F4D600FB5DEB /* Build configuration list for PBXProject "FootAsl Alternative" */ = {
			isa = XCConfigurationList;
			buildConfigurations = (
				F614E3492971F4D700FB5DEB /* Debug */,
				F614E34A2971F4D700FB5DEB /* Release */,
			);
			defaultConfigurationIsVisible = 0;
			defaultConfigurationName = Release;
		};
		F614E34B2971F4D700FB5DEB /* Build configuration list for PBXNativeTarget "FootAsl Alternative" */ = {
			isa = XCConfigurationList;
			buildConfigurations = (
				F614E34C2971F4D700FB5DEB /* Debug */,
				F614E34D2971F4D700FB5DEB /* Release */,
			);
			defaultConfigurationIsVisible = 0;
			defaultConfigurationName = Release;
		};
/* End XCConfigurationList section */
	};
	rootObject = F614E32F2971F4D600FB5DEB /* Project object */;
}
